github.com/sagernet/sing v0.1.8-0.20230228034829-bb617490652c h1:+YUwfoIkKlMi3Y1QrOy+OlIELC9KWV0+/5F3NX72q8U=
github.com/sagernet/sing v0.1.8-0.20230228034829-bb617490652c/go.mod h1:jt1w2u7lJQFFSGLiRrRIs5YWmx4kAPfWuOejuDW9qMk=
golang.org/x/net v0.17.0 h1:pVaXccu2ozPjCXewfr1S7xza/zcXTity9cCdXQYSjIM=
golang.org/x/net v0.17.0/go.mod h1:NxSsAGuq816PNPmqtQdLE42eU2Fs7NoRIZrHJAlaCOE=
golang.org/x/text v0.13.0 h1:ablQoSUd0tRdKxZewP80B+BaqeKJuVhuRxj/dkrun3k=
golang.org/x/text v0.13.0/go.mod h1:TvPlkZtksWOMsz7fbANvkp4WM8x/WCo/om8BMLbz+aE=
